{
  "name": "web",
  "version": "1.0.0",
  "lockfileVersion": 3,
  "packages": {
    "": {
      "name": "web",
      "version": "1.0.0",
      "dependencies": {
        "openai": "^4.20.0",
        "@langchain/core": "^0.2.0",
        "express": "^4.19.2"
      }
    },
    "node_modules/openai": {
      "version": "4.28.4",
      "resolved": "https://registry.npmjs.org/openai/-/openai-4.28.4.tgz",
      "integrity": "sha512-fake=="
    },
    "node_modules/express": {
      "version": "4.19.2",
      "resolved": "https://registry.npmjs.org/express/-/express-4.19.2.tgz",
      "integrity": "sha512-fake=="
    }
  }
}
