# This file is generated by running "yarn install" inside your project.
# Manual changes might be lost - proceed with caution!

__metadata:
  version: 8
  cacheKey: 10c0

"@langchain/core@npm:^0.2.0":
  version: 0.2.18
  resolution: "@langchain/core@npm:0.2.18"
  checksum: 10c0/fake
  languageName: node
  linkType: hard

"chromadb@npm:^1.8.0":
  version: 1.8.1
  resolution: "chromadb@npm:1.8.1"
  checksum: 10c0/fake
  languageName: node
  linkType: hard

"express@npm:^4.19.2":
  version: 4.19.2
  resolution: "express@npm:4.19.2"
  checksum: 10c0/fake
  languageName: node
  linkType: hard
