# This file is automatically @generated by Poetry 1.8.3 and should not be changed by hand.

[[package]]
name = "openai"
version = "1.40.0"
description = "The official Python library for the openai API"
optional = false
python-versions = ">=3.7.1"
files = [
    {file = "openai-1.40.0-py3-none-any.whl", hash = "sha256:fake"},
]

[package.dependencies]
anyio = ">=3.5.0,<5"
httpx = ">=0.23.0,<1"
langchain = ">=0.2.0"

[[package]]
name = "requests"
version = "2.32.3"
description = "Python HTTP for Humans."
optional = false
python-versions = ">=3.8"

[[package]]
name = "sentence-transformers"
version = "3.0.1"
description = "Embeddings, Retrieval, and Reranking"
optional = false
python-versions = ">=3.8.0"

[metadata]
lock-version = "2.0"
content-hash = "fake"
