# This file is automatically @generated by Poetry and should not be changed by hand.

[[package]]
name = "anthropic"
version = "0.34.2"
description = "The official Python library for the anthropic API"
optional = false
python-versions = ">=3.8"

[package.dependencies]
httpx = ">=0.23.0,<1"

[[package]]
name = "requests"
version = "2.32.3"
description = "Python HTTP for Humans."
optional = false
python-versions = ">=3.8"

[metadata]
lock-version = "2.0"
